{
  "name": "angular-example",
  "version": "1.0.0",
  "lockfileVersion": 1,
  "requires": true,
  "dependencies": {
    "@reactivex/rxjs": {
      "version": "5.0.0-beta.1",
      "resolved": "https://registry.npmjs.org/@reactivex/rxjs/-/rxjs-5.0.0-beta.1.tgz",
      "integrity": "sha1-E6zUw2kYfM47zLfxJh0krNR8PxA="
    },
    "angular2": {
      "version": "2.0.0-beta.21",
      "resolved": "https://registry.npmjs.org/angular2/-/angular2-2.0.0-beta.21.tgz",
      "integrity": "sha1-eGQ+WQZBUmolltzR1cyjpVCe120="
    },
    "es6-promise": {
      "version": "3.0.2",
      "resolved": "https://registry.npmjs.org/es6-promise/-/es6-promise-3.0.2.tgz",
      "integrity": "sha1-AQ1YWEI6XxGJeWZfRkhqlcbuK7Y="
    },
    "es6-shim": {
      "version": "0.33.13",
      "resolved": "https://registry.npmjs.org/es6-shim/-/es6-shim-0.33.13.tgz",
      "integrity": "sha1-iU+4PSwuk3jI7CNlnytiso+ZQiU="
    },
    "reflect-metadata": {
      "version": "0.1.2",
      "resolved": "https://registry.npmjs.org/reflect-metadata/-/reflect-metadata-0.1.2.tgz",
      "integrity": "sha1-6iPlgj3IMPKSgivT2puJ/Ve/+wM="
    },
    "rxjs": {
      "version": "5.0.0-beta.2",
      "resolved": "https://registry.npmjs.org/rxjs/-/rxjs-5.0.0-beta.2.tgz",
      "integrity": "sha1-93Xfi4WYwGVwMeX/j/glHhxcAYU="
    },
    "rxjs-es": {
      "version": "5.0.0-beta.12",
      "resolved": "https://registry.npmjs.org/rxjs-es/-/rxjs-es-5.0.0-beta.12.tgz",
      "integrity": "sha1-zxYbFz9Qhv7sETuCxNlRh7LxHEM=",
      "requires": {
        "symbol-observable": "^1.0.1"
      }
    },
    "symbol-observable": {
      "version": "1.0.1",
      "resolved": "https://registry.npmjs.org/symbol-observable/-/symbol-observable-1.0.1.tgz",
      "integrity": "sha1-g0D8RwLDEi310iKI+IKD9RPT/dQ="
    },
    "systemjs": {
      "version": "0.19.47",
      "resolved": "https://registry.npmjs.org/systemjs/-/systemjs-0.19.47.tgz",
      "integrity": "sha1-yMk5NxgPP1SBx2nNJyB2P7SjHG8=",
      "dev": true,
      "requires": {
        "when": "^3.7.5"
      }
    },
    "when": {
      "version": "3.7.8",
      "resolved": "https://registry.npmjs.org/when/-/when-3.7.8.tgz",
      "integrity": "sha1-xxMLan6gRpPoQs3J56Hyqjmjn4I=",
      "dev": true
    },
    "zone.js": {
      "version": "0.5.15",
      "resolved": "https://registry.npmjs.org/zone.js/-/zone.js-0.5.15.tgz",
      "integrity": "sha1-8ZW1atC3h0wwYMOl5htOI06hsFk=",
      "requires": {
        "es6-promise": "^3.0.2"
      }
    }
  }
}
